
Microsoft Visual Studio Solution File, Format Version 12.00
# Visual Studio Version 17
VisualStudioVersion = 17.5.33516.290
MinimumVisualStudioVersion = 10.0.40219.1
Project("{8BC9CEB8-8B4A-11D0-8D11-00A0C91BC942}") = "ca22", "ca22.vcxproj", "{5C1E340E-FED6-4380-972F-78E1374D523B}"
EndProject
Project("{FAE04EC0-301F-11D3-BF4B-00C04F79EFBC}") = "ca22b", "..\ca22b\ca22b.csproj", "{67FCAC97-673E-43E1-8EE8-6CB965FC002D}"
EndProject
Global
	GlobalSection(SolutionConfigurationPlatforms) = preSolution
		Debug|Any CPU = Debug|Any CPU
		Debug|x64 = Debug|x64
		Debug|x86 = Debug|x86
		Release|Any CPU = Release|Any CPU
		Release|x64 = Release|x64
		Release|x86 = Release|x86
	EndGlobalSection
	GlobalSection(ProjectConfigurationPlatforms) = postSolution
		{5C1E340E-FED6-4380-972F-78E1374D523B}.Debug|Any CPU.ActiveCfg = Debug|x64
		{5C1E340E-FED6-4380-972F-78E1374D523B}.Debug|Any CPU.Build.0 = Debug|x64
		{5C1E340E-FED6-4380-972F-78E1374D523B}.Debug|x64.ActiveCfg = Debug|x64
		{5C1E340E-FED6-4380-972F-78E1374D523B}.Debug|x64.Build.0 = Debug|x64
		{5C1E340E-FED6-4380-972F-78E1374D523B}.Debug|x86.ActiveCfg = Debug|Win32
		{5C1E340E-FED6-4380-972F-78E1374D523B}.Debug|x86.Build.0 = Debug|Win32
		{5C1E340E-FED6-4380-972F-78E1374D523B}.Release|Any CPU.ActiveCfg = Release|x64
		{5C1E340E-FED6-4380-972F-78E1374D523B}.Release|Any CPU.Build.0 = Release|x64
		{5C1E340E-FED6-4380-972F-78E1374D523B}.Release|x64.ActiveCfg = Release|x64
		{5C1E340E-FED6-4380-972F-78E1374D523B}.Release|x64.Build.0 = Release|x64
		{5C1E340E-FED6-4380-972F-78E1374D523B}.Release|x86.ActiveCfg = Release|Win32
		{5C1E340E-FED6-4380-972F-78E1374D523B}.Release|x86.Build.0 = Release|Win32
		{67FCAC97-673E-43E1-8EE8-6CB965FC002D}.Debug|Any CPU.ActiveCfg = Debug|Any CPU
		{67FCAC97-673E-43E1-8EE8-6CB965FC002D}.Debug|Any CPU.Build.0 = Debug|Any CPU
		{67FCAC97-673E-43E1-8EE8-6CB965FC002D}.Debug|x64.ActiveCfg = Debug|Any CPU
		{67FCAC97-673E-43E1-8EE8-6CB965FC002D}.Debug|x64.Build.0 = Debug|Any CPU
		{67FCAC97-673E-43E1-8EE8-6CB965FC002D}.Debug|x86.ActiveCfg = Debug|Any CPU
		{67FCAC97-673E-43E1-8EE8-6CB965FC002D}.Debug|x86.Build.0 = Debug|Any CPU
		{67FCAC97-673E-43E1-8EE8-6CB965FC002D}.Release|Any CPU.ActiveCfg = Release|Any CPU
		{67FCAC97-673E-43E1-8EE8-6CB965FC002D}.Release|Any CPU.Build.0 = Release|Any CPU
		{67FCAC97-673E-43E1-8EE8-6CB965FC002D}.Release|x64.ActiveCfg = Release|Any CPU
		{67FCAC97-673E-43E1-8EE8-6CB965FC002D}.Release|x64.Build.0 = Release|Any CPU
		{67FCAC97-673E-43E1-8EE8-6CB965FC002D}.Release|x86.ActiveCfg = Release|Any CPU
		{67FCAC97-673E-43E1-8EE8-6CB965FC002D}.Release|x86.Build.0 = Release|Any CPU
	EndGlobalSection
	GlobalSection(SolutionProperties) = preSolution
		HideSolutionNode = FALSE
	EndGlobalSection
	GlobalSection(ExtensibilityGlobals) = postSolution
		SolutionGuid = {F7964204-1DD2-4EBA-AC4B-64CA190B86B1}
	EndGlobalSection
EndGlobal
